
Microsoft Visual Studio Solution File, Format Version 12.00
# Visual Studio Version 17
VisualStudioVersion = 17.14.36623.8 d17.14
MinimumVisualStudioVersion = 10.0.40219.1
Project("{54A90642-561A-4BB1-A94E-469ADEE60C69}") = "tastecraft.client", "tastecraft.client\tastecraft.client.esproj", "{3EDEFF97-6D28-B7D6-AF4B-AED97E38806E}"
EndProject
Project("{FAE04EC0-301F-11D3-BF4B-00C04F79EFBC}") = "TasteCraft.Server", "TasteCraft.Server\TasteCraft.Server.csproj", "{651E36F7-0546-40CB-99BD-076814BECD2C}"
EndProject
Global
	GlobalSection(SolutionConfigurationPlatforms) = preSolution
		Debug|Any CPU = Debug|Any CPU
		Release|Any CPU = Release|Any CPU
	EndGlobalSection
	GlobalSection(ProjectConfigurationPlatforms) = postSolution
		{3EDEFF97-6D28-B7D6-AF4B-AED97E38806E}.Debug|Any CPU.ActiveCfg = Debug|Any CPU
		{3EDEFF97-6D28-B7D6-AF4B-AED97E38806E}.Debug|Any CPU.Build.0 = Debug|Any CPU
		{3EDEFF97-6D28-B7D6-AF4B-AED97E38806E}.Debug|Any CPU.Deploy.0 = Debug|Any CPU
		{3EDEFF97-6D28-B7D6-AF4B-AED97E38806E}.Release|Any CPU.ActiveCfg = Release|Any CPU
		{3EDEFF97-6D28-B7D6-AF4B-AED97E38806E}.Release|Any CPU.Build.0 = Release|Any CPU
		{3EDEFF97-6D28-B7D6-AF4B-AED97E38806E}.Release|Any CPU.Deploy.0 = Release|Any CPU
		{651E36F7-0546-40CB-99BD-076814BECD2C}.Debug|Any CPU.ActiveCfg = Debug|Any CPU
		{651E36F7-0546-40CB-99BD-076814BECD2C}.Debug|Any CPU.Build.0 = Debug|Any CPU
		{651E36F7-0546-40CB-99BD-076814BECD2C}.Release|Any CPU.ActiveCfg = Release|Any CPU
		{651E36F7-0546-40CB-99BD-076814BECD2C}.Release|Any CPU.Build.0 = Release|Any CPU
	EndGlobalSection
	GlobalSection(SolutionProperties) = preSolution
		HideSolutionNode = FALSE
	EndGlobalSection
	GlobalSection(ExtensibilityGlobals) = postSolution
		SolutionGuid = {F90A1EAD-246A-4342-AA04-515CDC58445A}
	EndGlobalSection
EndGlobal
